
Microsoft Visual Studio Solution File, Format Version 12.00
# Visual Studio Version 17
VisualStudioVersion = 17.0.31919.166
MinimumVisualStudioVersion = 10.0.40219.1
Project("{9A19103F-16F7-4668-BE54-9A1E7A4F7556}") = "WpfNetWork", "WpfNetWork\WpfNetWork.csproj", "{9CFB4183-21F7-4B3B-9A5C-49024CAB4BCD}"
EndProject
Global
	GlobalSection(SolutionConfigurationPlatforms) = preSolution
		Debug|Any CPU = Debug|Any CPU
		Release|Any CPU = Release|Any CPU
	EndGlobalSection
	GlobalSection(ProjectConfigurationPlatforms) = postSolution
		{9CFB4183-21F7-4B3B-9A5C-49024CAB4BCD}.Debug|Any CPU.ActiveCfg = Debug|Any CPU
		{9CFB4183-21F7-4B3B-9A5C-49024CAB4BCD}.Debug|Any CPU.Build.0 = Debug|Any CPU
		{9CFB4183-21F7-4B3B-9A5C-49024CAB4BCD}.Release|Any CPU.ActiveCfg = Release|Any CPU
		{9CFB4183-21F7-4B3B-9A5C-49024CAB4BCD}.Release|Any CPU.Build.0 = Release|Any CPU
	EndGlobalSection
	GlobalSection(SolutionProperties) = preSolution
		HideSolutionNode = FALSE
	EndGlobalSection
	GlobalSection(ExtensibilityGlobals) = postSolution
		SolutionGuid = {06582355-A335-4DF6-B064-E22B87600744}
	EndGlobalSection
EndGlobal
